{
  "name": "@qsdt/core",
  "version": "3.0.1",
  "lockfileVersion": 1,
  "requires": true,
  "dependencies": {
    "@qsdt/template-engine": {
      "version": "2.0.11",
      "resolved": "https://registry.npmjs.org/@qsdt/template-engine/-/template-engine-2.0.11.tgz",
      "integrity": "sha512-LUzmldE5OmIDbBFjz04s9OekS81JiYLJDs9ZTcA++i8f4EQjM92pt5NUE2kOWuK20xciwPLGm7vgcReb9EMr3Q==",
      "requires": {
        "@qsdt/common": "1.0.5",
        "hashcode": "1.0.3",
        "ip": "1.1.5"
      },
      "dependencies": {
        "@qsdt/common": {
          "version": "1.0.5",
          "resolved": "https://registry.npmjs.org/@qsdt/common/-/common-1.0.5.tgz",
          "integrity": "sha512-1k+1kKbTweHaCcnKXEpqlbXwqCqZ6XwRblTGy5RrEonizdeTh1CMBQalxePNDFEmFGjal5AE26fjt2BfOh9/UA==",
          "requires": {
            "@types/reflect-metadata": "0.0.5",
            "reflect-metadata": "0.1.12"
          }
        }
      }
    },
    "@types/reflect-metadata": {
      "version": "0.0.5",
      "resolved": "https://registry.npmjs.org/@types/reflect-metadata/-/reflect-metadata-0.0.5.tgz",
      "integrity": "sha1-nAQr+pgD1Xeq1PV9+8pLfK5Chv4="
    },
    "bindings": {
      "version": "1.2.1",
      "resolved": "https://registry.npmjs.org/bindings/-/bindings-1.2.1.tgz",
      "integrity": "sha1-FK1hE4EtLTfXLme0ystLtyZQXxE="
    },
    "buffer-crc32": {
      "version": "0.2.13",
      "resolved": "https://registry.npmjs.org/buffer-crc32/-/buffer-crc32-0.2.13.tgz",
      "integrity": "sha1-DTM+PwDqxQqhRUq9MO+MKl2ackI="
    },
    "deasync": {
      "version": "0.1.12",
      "resolved": "https://registry.npmjs.org/deasync/-/deasync-0.1.12.tgz",
      "integrity": "sha512-gpacYo8FBZh3INBp2KOtrQp9kCO5faHvOmEZx3/cZTr3Mm8/kAYs7/Ws3E3OAH0ApBNK6Y6N+7+Dka2Zn2Fldw==",
      "requires": {
        "bindings": "1.2.1",
        "nan": "2.8.0"
      }
    },
    "folder-zip-sync": {
      "version": "1.0.5",
      "resolved": "https://registry.npmjs.org/folder-zip-sync/-/folder-zip-sync-1.0.5.tgz",
      "integrity": "sha512-RCBjZDJkSFRth0tu6P7jl1gHLuW/ky+tHjpZPgWGfLb5zuaq3kGDkkk9rwt8nYiyZK49gUUPZmiWCgidZpcyeA==",
      "requires": {
        "deasync": "0.1.12",
        "yazl": "2.4.3"
      }
    },
    "hashcode": {
      "version": "1.0.3",
      "resolved": "https://registry.npmjs.org/hashcode/-/hashcode-1.0.3.tgz",
      "integrity": "sha1-2EdOnmdlgEjMx+VIQLVmIgL0g38="
    },
    "ip": {
      "version": "1.1.5",
      "resolved": "https://registry.npmjs.org/ip/-/ip-1.1.5.tgz",
      "integrity": "sha1-vd7XARQpCCjAoDnnLvJfWq7ENUo="
    },
    "nan": {
      "version": "2.8.0",
      "resolved": "https://registry.npmjs.org/nan/-/nan-2.8.0.tgz",
      "integrity": "sha1-7XFfP+neArV6XmJS2QqWZ14fCFo="
    },
    "reflect-metadata": {
      "version": "0.1.12",
      "resolved": "https://registry.npmjs.org/reflect-metadata/-/reflect-metadata-0.1.12.tgz",
      "integrity": "sha512-n+IyV+nGz3+0q3/Yf1ra12KpCyi001bi4XFxSjbiWWjfqb52iTTtpGXmCCAOWWIAn9KEuFZKGqBERHmrtScZ3A=="
    },
    "yazl": {
      "version": "2.4.3",
      "resolved": "https://registry.npmjs.org/yazl/-/yazl-2.4.3.tgz",
      "integrity": "sha1-7CblzIfVYBud+EMtvdPNLlFzoHE=",
      "requires": {
        "buffer-crc32": "0.2.13"
      }
    }
  }
}
