{
  "name": "@qsdt/core",
  "version": "3.0.2",
  "lockfileVersion": 1,
  "requires": true,
  "dependencies": {
    "@qsdt/common": {
      "version": "2.0.3",
      "resolved": "https://registry.npmjs.org/@qsdt/common/-/common-2.0.3.tgz",
      "integrity": "sha512-vRh7fGgYb+go9+/++h5bI4WiTWYDpNFt8TJ+2UUuwjLD3Xl1QW/Jz0gH6iSVHNiLeOd3hnMeP9CTEoE6I4/xwg==",
      "requires": {
        "@types/reflect-metadata": "0.0.5",
        "reflect-metadata": "0.1.12"
      }
    },
    "@qsdt/core-storage-fs": {
      "version": "0.0.3",
      "resolved": "https://registry.npmjs.org/@qsdt/core-storage-fs/-/core-storage-fs-0.0.3.tgz",
      "integrity": "sha512-wCx4HUoUiNtEz/6+x/uHYTtGn16G0u6VT7jsvVbOSpX9qRHimg2SV662pfN7RL5N1NtwT60/d/qUNmPygZaQMw=="
    },
    "@qsdt/template-engine": {
      "version": "2.0.11",
      "resolved": "https://registry.npmjs.org/@qsdt/template-engine/-/template-engine-2.0.11.tgz",
      "integrity": "sha512-LUzmldE5OmIDbBFjz04s9OekS81JiYLJDs9ZTcA++i8f4EQjM92pt5NUE2kOWuK20xciwPLGm7vgcReb9EMr3Q==",
      "requires": {
        "@qsdt/common": "1.0.5",
        "hashcode": "1.0.3",
        "ip": "1.1.5"
      },
      "dependencies": {
        "@qsdt/common": {
          "version": "1.0.5",
          "resolved": "https://registry.npmjs.org/@qsdt/common/-/common-1.0.5.tgz",
          "integrity": "sha512-1k+1kKbTweHaCcnKXEpqlbXwqCqZ6XwRblTGy5RrEonizdeTh1CMBQalxePNDFEmFGjal5AE26fjt2BfOh9/UA==",
          "requires": {
            "@types/reflect-metadata": "0.0.5",
            "reflect-metadata": "0.1.12"
          }
        }
      }
    },
    "@types/events": {
      "version": "1.1.0",
      "resolved": "https://registry.npmjs.org/@types/events/-/events-1.1.0.tgz",
      "integrity": "sha512-y3bR98mzYOo0pAZuiLari+cQyiKk3UXRuT45h1RjhfeCzqkjaVsfZJNaxdgtk7/3tzOm1ozLTqEqMP3VbI48jw=="
    },
    "@types/fs-extra": {
      "version": "2.1.0",
      "resolved": "https://registry.npmjs.org/@types/fs-extra/-/fs-extra-2.1.0.tgz",
      "integrity": "sha1-izUCOcBFXZK408Ym7awZOGD/OV8=",
      "requires": {
        "@types/node": "9.4.1"
      }
    },
    "@types/glob": {
      "version": "5.0.35",
      "resolved": "https://registry.npmjs.org/@types/glob/-/glob-5.0.35.tgz",
      "integrity": "sha512-wc+VveszMLyMWFvXLkloixT4n0harUIVZjnpzztaZ0nKLuul7Z32iMt2fUFGAaZ4y1XWjFRMtCI5ewvyh4aIeg==",
      "requires": {
        "@types/events": "1.1.0",
        "@types/minimatch": "3.0.3",
        "@types/node": "9.4.1"
      }
    },
    "@types/minimatch": {
      "version": "3.0.3",
      "resolved": "https://registry.npmjs.org/@types/minimatch/-/minimatch-3.0.3.tgz",
      "integrity": "sha512-tHq6qdbT9U1IRSGf14CL0pUlULksvY9OZ+5eEgl1N7t+OA3tGvNpxJCzuKQlsNgCVwbAs670L1vcVQi8j9HjnA=="
    },
    "@types/node": {
      "version": "9.4.1",
      "resolved": "https://registry.npmjs.org/@types/node/-/node-9.4.1.tgz",
      "integrity": "sha512-9ESUxmXt1Isc1xKfDBZ7tpULyTPY5ZCywcfvQTXoLUqP+n4D+MBH+0n75hdzrcmfCc3eWByOi27+GLmMuAvcUA=="
    },
    "@types/reflect-metadata": {
      "version": "0.0.5",
      "resolved": "https://registry.npmjs.org/@types/reflect-metadata/-/reflect-metadata-0.0.5.tgz",
      "integrity": "sha1-nAQr+pgD1Xeq1PV9+8pLfK5Chv4="
    },
    "@types/shelljs": {
      "version": "0.7.8",
      "resolved": "https://registry.npmjs.org/@types/shelljs/-/shelljs-0.7.8.tgz",
      "integrity": "sha512-M2giRw93PxKS7YjU6GZjtdV9HASdB7TWqizBXe4Ju7AqbKlWvTr0gNO92XH56D/gMxqD/jNHLNfC5hA34yGqrQ==",
      "requires": {
        "@types/glob": "5.0.35",
        "@types/node": "9.4.1"
      }
    },
    "@types/uuid": {
      "version": "2.0.30",
      "resolved": "https://registry.npmjs.org/@types/uuid/-/uuid-2.0.30.tgz",
      "integrity": "sha512-nmSJ0AL2mZAi68dYb7nKSIJ9YiM68eToP3Ugz66Ou7qkSatIptDM6CvOUmj4epMKWvO9gr9fFBxEEJkromp1Qg==",
      "requires": {
        "@types/node": "9.4.1"
      }
    },
    "ansi-regex": {
      "version": "0.2.1",
      "resolved": "https://registry.npmjs.org/ansi-regex/-/ansi-regex-0.2.1.tgz",
      "integrity": "sha1-DY6UaWej2BQ/k+JOKYUl/BsiNfk=",
      "dev": true
    },
    "ansi-styles": {
      "version": "1.1.0",
      "resolved": "https://registry.npmjs.org/ansi-styles/-/ansi-styles-1.1.0.tgz",
      "integrity": "sha1-6uy/Zs1waIJ2Cy9GkVgrj1XXp94=",
      "dev": true
    },
    "balanced-match": {
      "version": "1.0.0",
      "resolved": "https://registry.npmjs.org/balanced-match/-/balanced-match-1.0.0.tgz",
      "integrity": "sha1-ibTRmasr7kneFk6gK4nORi1xt2c="
    },
    "bindings": {
      "version": "1.2.1",
      "resolved": "https://registry.npmjs.org/bindings/-/bindings-1.2.1.tgz",
      "integrity": "sha1-FK1hE4EtLTfXLme0ystLtyZQXxE="
    },
    "brace-expansion": {
      "version": "1.1.8",
      "resolved": "https://registry.npmjs.org/brace-expansion/-/brace-expansion-1.1.8.tgz",
      "integrity": "sha1-wHshHHyVLsH479Uad+8NHTmQopI=",
      "requires": {
        "balanced-match": "1.0.0",
        "concat-map": "0.0.1"
      }
    },
    "buffer-crc32": {
      "version": "0.2.13",
      "resolved": "https://registry.npmjs.org/buffer-crc32/-/buffer-crc32-0.2.13.tgz",
      "integrity": "sha1-DTM+PwDqxQqhRUq9MO+MKl2ackI="
    },
    "chalk": {
      "version": "0.5.1",
      "resolved": "https://registry.npmjs.org/chalk/-/chalk-0.5.1.tgz",
      "integrity": "sha1-Zjs6ZItotV0EaQ1JFnqoN4WPIXQ=",
      "dev": true,
      "requires": {
        "ansi-styles": "1.1.0",
        "escape-string-regexp": "1.0.5",
        "has-ansi": "0.1.0",
        "strip-ansi": "0.3.0",
        "supports-color": "0.2.0"
      },
      "dependencies": {
        "supports-color": {
          "version": "0.2.0",
          "resolved": "https://registry.npmjs.org/supports-color/-/supports-color-0.2.0.tgz",
          "integrity": "sha1-2S3iaU6z9nMjlz1649i1W0wiGQo=",
          "dev": true
        }
      }
    },
    "commander": {
      "version": "2.6.0",
      "resolved": "https://registry.npmjs.org/commander/-/commander-2.6.0.tgz",
      "integrity": "sha1-nfflL7Kgyw+4kFjugMMQQiXzfh0=",
      "dev": true
    },
    "concat-map": {
      "version": "0.0.1",
      "resolved": "https://registry.npmjs.org/concat-map/-/concat-map-0.0.1.tgz",
      "integrity": "sha1-2Klr13/Wjfd5OnMDajug1UBdR3s="
    },
    "concurrently": {
      "version": "3.5.1",
      "resolved": "https://registry.npmjs.org/concurrently/-/concurrently-3.5.1.tgz",
      "integrity": "sha512-689HrwGw8Rbk1xtV9C4dY6TPJAvIYZbRbnKSAtfJ7tHqICFGoZ0PCWYjxfmerRyxBG0o3sbG3pe7N8vqPwIHuQ==",
      "dev": true,
      "requires": {
        "chalk": "0.5.1",
        "commander": "2.6.0",
        "date-fns": "1.29.0",
        "lodash": "4.17.5",
        "rx": "2.3.24",
        "spawn-command": "0.0.2-1",
        "supports-color": "3.2.3",
        "tree-kill": "1.2.0"
      }
    },
    "date-fns": {
      "version": "1.29.0",
      "resolved": "https://registry.npmjs.org/date-fns/-/date-fns-1.29.0.tgz",
      "integrity": "sha512-lbTXWZ6M20cWH8N9S6afb0SBm6tMk+uUg6z3MqHPKE9atmsY3kJkTm8vKe93izJ2B2+q5MV990sM2CHgtAZaOw==",
      "dev": true
    },
    "deasync": {
      "version": "0.1.12",
      "resolved": "https://registry.npmjs.org/deasync/-/deasync-0.1.12.tgz",
      "integrity": "sha512-gpacYo8FBZh3INBp2KOtrQp9kCO5faHvOmEZx3/cZTr3Mm8/kAYs7/Ws3E3OAH0ApBNK6Y6N+7+Dka2Zn2Fldw==",
      "requires": {
        "bindings": "1.2.1",
        "nan": "2.8.0"
      }
    },
    "escape-string-regexp": {
      "version": "1.0.5",
      "resolved": "https://registry.npmjs.org/escape-string-regexp/-/escape-string-regexp-1.0.5.tgz",
      "integrity": "sha1-G2HAViGQqN/2rjuyzwIAyhMLhtQ=",
      "dev": true
    },
    "folder-zip-sync": {
      "version": "1.0.5",
      "resolved": "https://registry.npmjs.org/folder-zip-sync/-/folder-zip-sync-1.0.5.tgz",
      "integrity": "sha512-RCBjZDJkSFRth0tu6P7jl1gHLuW/ky+tHjpZPgWGfLb5zuaq3kGDkkk9rwt8nYiyZK49gUUPZmiWCgidZpcyeA==",
      "requires": {
        "deasync": "0.1.12",
        "yazl": "2.4.3"
      }
    },
    "fs-extra": {
      "version": "3.0.1",
      "resolved": "https://registry.npmjs.org/fs-extra/-/fs-extra-3.0.1.tgz",
      "integrity": "sha1-N5TzeMWLNC6n27sjCVEJxLO2IpE=",
      "requires": {
        "graceful-fs": "4.1.11",
        "jsonfile": "3.0.1",
        "universalify": "0.1.1"
      }
    },
    "fs.realpath": {
      "version": "1.0.0",
      "resolved": "https://registry.npmjs.org/fs.realpath/-/fs.realpath-1.0.0.tgz",
      "integrity": "sha1-FQStJSMVjKpA20onh8sBQRmU6k8="
    },
    "glob": {
      "version": "7.1.2",
      "resolved": "https://registry.npmjs.org/glob/-/glob-7.1.2.tgz",
      "integrity": "sha512-MJTUg1kjuLeQCJ+ccE4Vpa6kKVXkPYJ2mOCQyUuKLcLQsdrMCpBPUi8qVE6+YuaJkozeA9NusTAw3hLr8Xe5EQ==",
      "requires": {
        "fs.realpath": "1.0.0",
        "inflight": "1.0.6",
        "inherits": "2.0.3",
        "minimatch": "3.0.4",
        "once": "1.4.0",
        "path-is-absolute": "1.0.1"
      }
    },
    "graceful-fs": {
      "version": "4.1.11",
      "resolved": "https://registry.npmjs.org/graceful-fs/-/graceful-fs-4.1.11.tgz",
      "integrity": "sha1-Dovf5NHduIVNZOBOp8AOKgJuVlg="
    },
    "has-ansi": {
      "version": "0.1.0",
      "resolved": "https://registry.npmjs.org/has-ansi/-/has-ansi-0.1.0.tgz",
      "integrity": "sha1-hPJlqujA5qiKEtcCKJS3VoiUxi4=",
      "dev": true,
      "requires": {
        "ansi-regex": "0.2.1"
      }
    },
    "has-flag": {
      "version": "1.0.0",
      "resolved": "https://registry.npmjs.org/has-flag/-/has-flag-1.0.0.tgz",
      "integrity": "sha1-nZ55MWXOAXoA8AQYxD+UKnsdEfo=",
      "dev": true
    },
    "hashcode": {
      "version": "1.0.3",
      "resolved": "https://registry.npmjs.org/hashcode/-/hashcode-1.0.3.tgz",
      "integrity": "sha1-2EdOnmdlgEjMx+VIQLVmIgL0g38="
    },
    "inflight": {
      "version": "1.0.6",
      "resolved": "https://registry.npmjs.org/inflight/-/inflight-1.0.6.tgz",
      "integrity": "sha1-Sb1jMdfQLQwJvJEKEHW6gWW1bfk=",
      "requires": {
        "once": "1.4.0",
        "wrappy": "1.0.2"
      }
    },
    "inherits": {
      "version": "2.0.3",
      "resolved": "https://registry.npmjs.org/inherits/-/inherits-2.0.3.tgz",
      "integrity": "sha1-Yzwsg+PaQqUC9SRmAiSA9CCCYd4="
    },
    "interpret": {
      "version": "1.1.0",
      "resolved": "https://registry.npmjs.org/interpret/-/interpret-1.1.0.tgz",
      "integrity": "sha1-ftGxQQxqDg94z5XTuEQMY/eLhhQ="
    },
    "ip": {
      "version": "1.1.5",
      "resolved": "https://registry.npmjs.org/ip/-/ip-1.1.5.tgz",
      "integrity": "sha1-vd7XARQpCCjAoDnnLvJfWq7ENUo="
    },
    "jsonfile": {
      "version": "3.0.1",
      "resolved": "https://registry.npmjs.org/jsonfile/-/jsonfile-3.0.1.tgz",
      "integrity": "sha1-pezG9l9T9mLEQVx2daAzHQmS7GY=",
      "requires": {
        "graceful-fs": "4.1.11"
      }
    },
    "lodash": {
      "version": "4.17.5",
      "resolved": "https://registry.npmjs.org/lodash/-/lodash-4.17.5.tgz",
      "integrity": "sha512-svL3uiZf1RwhH+cWrfZn3A4+U58wbP0tGVTLQPbjplZxZ8ROD9VLuNgsRniTlLe7OlSqR79RUehXgpBW/s0IQw==",
      "dev": true
    },
    "minimatch": {
      "version": "3.0.4",
      "resolved": "https://registry.npmjs.org/minimatch/-/minimatch-3.0.4.tgz",
      "integrity": "sha512-yJHVQEhyqPLUTgt9B83PXu6W3rx4MvvHvSUvToogpwoGDOUQ+yDrR0HRot+yOCdCO7u4hX3pWft6kWBBcqh0UA==",
      "requires": {
        "brace-expansion": "1.1.8"
      }
    },
    "nan": {
      "version": "2.8.0",
      "resolved": "https://registry.npmjs.org/nan/-/nan-2.8.0.tgz",
      "integrity": "sha1-7XFfP+neArV6XmJS2QqWZ14fCFo="
    },
    "once": {
      "version": "1.4.0",
      "resolved": "https://registry.npmjs.org/once/-/once-1.4.0.tgz",
      "integrity": "sha1-WDsap3WWHUsROsF9nFC6753Xa9E=",
      "requires": {
        "wrappy": "1.0.2"
      }
    },
    "path-is-absolute": {
      "version": "1.0.1",
      "resolved": "https://registry.npmjs.org/path-is-absolute/-/path-is-absolute-1.0.1.tgz",
      "integrity": "sha1-F0uSaHNVNP+8es5r9TpanhtcX18="
    },
    "path-parse": {
      "version": "1.0.5",
      "resolved": "https://registry.npmjs.org/path-parse/-/path-parse-1.0.5.tgz",
      "integrity": "sha1-PBrfhx6pzWyUMbbqK9dKD/BVxME="
    },
    "rechoir": {
      "version": "0.6.2",
      "resolved": "https://registry.npmjs.org/rechoir/-/rechoir-0.6.2.tgz",
      "integrity": "sha1-hSBLVNuoLVdC4oyWdW70OvUOM4Q=",
      "requires": {
        "resolve": "1.5.0"
      }
    },
    "reflect-metadata": {
      "version": "0.1.12",
      "resolved": "https://registry.npmjs.org/reflect-metadata/-/reflect-metadata-0.1.12.tgz",
      "integrity": "sha512-n+IyV+nGz3+0q3/Yf1ra12KpCyi001bi4XFxSjbiWWjfqb52iTTtpGXmCCAOWWIAn9KEuFZKGqBERHmrtScZ3A=="
    },
    "resolve": {
      "version": "1.5.0",
      "resolved": "https://registry.npmjs.org/resolve/-/resolve-1.5.0.tgz",
      "integrity": "sha512-hgoSGrc3pjzAPHNBg+KnFcK2HwlHTs/YrAGUr6qgTVUZmXv1UEXXl0bZNBKMA9fud6lRYFdPGz0xXxycPzmmiw==",
      "requires": {
        "path-parse": "1.0.5"
      }
    },
    "rx": {
      "version": "2.3.24",
      "resolved": "https://registry.npmjs.org/rx/-/rx-2.3.24.tgz",
      "integrity": "sha1-FPlQpCF9fjXapxu8vljv9o6ksrc=",
      "dev": true
    },
    "shelljs": {
      "version": "0.7.8",
      "resolved": "https://registry.npmjs.org/shelljs/-/shelljs-0.7.8.tgz",
      "integrity": "sha1-3svPh0sNHl+3LhSxZKloMEjprLM=",
      "requires": {
        "glob": "7.1.2",
        "interpret": "1.1.0",
        "rechoir": "0.6.2"
      }
    },
    "spawn-command": {
      "version": "0.0.2-1",
      "resolved": "https://registry.npmjs.org/spawn-command/-/spawn-command-0.0.2-1.tgz",
      "integrity": "sha1-YvXpRmmBwbeW3Fkpk34RycaSG9A=",
      "dev": true
    },
    "strip-ansi": {
      "version": "0.3.0",
      "resolved": "https://registry.npmjs.org/strip-ansi/-/strip-ansi-0.3.0.tgz",
      "integrity": "sha1-JfSOoiynkYfzF0pNuHWTR7sSYiA=",
      "dev": true,
      "requires": {
        "ansi-regex": "0.2.1"
      }
    },
    "supports-color": {
      "version": "3.2.3",
      "resolved": "https://registry.npmjs.org/supports-color/-/supports-color-3.2.3.tgz",
      "integrity": "sha1-ZawFBLOVQXHYpklGsq48u4pfVPY=",
      "dev": true,
      "requires": {
        "has-flag": "1.0.0"
      }
    },
    "tree-kill": {
      "version": "1.2.0",
      "resolved": "https://registry.npmjs.org/tree-kill/-/tree-kill-1.2.0.tgz",
      "integrity": "sha512-DlX6dR0lOIRDFxI0mjL9IYg6OTncLm/Zt+JiBhE5OlFcAR8yc9S7FFXU9so0oda47frdM/JFsk7UjNt9vscKcg==",
      "dev": true
    },
    "universalify": {
      "version": "0.1.1",
      "resolved": "https://registry.npmjs.org/universalify/-/universalify-0.1.1.tgz",
      "integrity": "sha1-+nG63UQ3r0wUiEHjs7Fl+enlkLc="
    },
    "uuid": {
      "version": "3.2.1",
      "resolved": "https://registry.npmjs.org/uuid/-/uuid-3.2.1.tgz",
      "integrity": "sha512-jZnMwlb9Iku/O3smGWvZhauCf6cvvpKi4BKRiliS3cxnI+Gz9j5MEpTz2UFuXiKPJocb7gnsLHwiS05ige5BEA=="
    },
    "wrappy": {
      "version": "1.0.2",
      "resolved": "https://registry.npmjs.org/wrappy/-/wrappy-1.0.2.tgz",
      "integrity": "sha1-tSQ9jz7BqjXxNkYFvA0QNuMKtp8="
    },
    "yazl": {
      "version": "2.4.3",
      "resolved": "https://registry.npmjs.org/yazl/-/yazl-2.4.3.tgz",
      "integrity": "sha1-7CblzIfVYBud+EMtvdPNLlFzoHE=",
      "requires": {
        "buffer-crc32": "0.2.13"
      }
    }
  }
}
